
Microsoft Visual Studio Solution File, Format Version 12.00
# Visual Studio Version 17
VisualStudioVersion = 17.4.33213.308
MinimumVisualStudioVersion = 10.0.40219.1
Project("{FAE04EC0-301F-11D3-BF4B-00C04F79EFBC}") = "Home", "Home\Home.csproj", "{D91AB68C-7129-433F-A865-0E32839E90BC}"
EndProject
Global
	GlobalSection(SolutionConfigurationPlatforms) = preSolution
		Debug|Any CPU = Debug|Any CPU
		Release|Any CPU = Release|Any CPU
	EndGlobalSection
	GlobalSection(ProjectConfigurationPlatforms) = postSolution
		{D91AB68C-7129-433F-A865-0E32839E90BC}.Debug|Any CPU.ActiveCfg = Debug|Any CPU
		{D91AB68C-7129-433F-A865-0E32839E90BC}.Debug|Any CPU.Build.0 = Debug|Any CPU
		{D91AB68C-7129-433F-A865-0E32839E90BC}.Release|Any CPU.ActiveCfg = Release|Any CPU
		{D91AB68C-7129-433F-A865-0E32839E90BC}.Release|Any CPU.Build.0 = Release|Any CPU
	EndGlobalSection
	GlobalSection(SolutionProperties) = preSolution
		HideSolutionNode = FALSE
	EndGlobalSection
	GlobalSection(ExtensibilityGlobals) = postSolution
		SolutionGuid = {0AC8E518-AD93-4C11-BC61-281B262BC115}
	EndGlobalSection
EndGlobal
